
Microsoft Visual Studio Solution File, Format Version 12.00
# Visual Studio Version 16
VisualStudioVersion = 16.0.30002.166
MinimumVisualStudioVersion = 10.0.40219.1
Project("{FAE04EC0-301F-11D3-BF4B-00C04F79EFBC}") = "VTS", "VTS\VTS.csproj", "{6728992C-67E8-40B4-9016-0F6E36DDABFE}"
EndProject
Global
	GlobalSection(SolutionConfigurationPlatforms) = preSolution
		Debug|Any CPU = Debug|Any CPU
		Release|Any CPU = Release|Any CPU
	EndGlobalSection
	GlobalSection(ProjectConfigurationPlatforms) = postSolution
		{6728992C-67E8-40B4-9016-0F6E36DDABFE}.Debug|Any CPU.ActiveCfg = Debug|Any CPU
		{6728992C-67E8-40B4-9016-0F6E36DDABFE}.Debug|Any CPU.Build.0 = Debug|Any CPU
		{6728992C-67E8-40B4-9016-0F6E36DDABFE}.Release|Any CPU.ActiveCfg = Release|Any CPU
		{6728992C-67E8-40B4-9016-0F6E36DDABFE}.Release|Any CPU.Build.0 = Release|Any CPU
	EndGlobalSection
	GlobalSection(SolutionProperties) = preSolution
		HideSolutionNode = FALSE
	EndGlobalSection
	GlobalSection(ExtensibilityGlobals) = postSolution
		SolutionGuid = {B102E3EA-2732-45AB-B45D-A445EE052AA3}
	EndGlobalSection
EndGlobal
